Microsoft Visual Studio Solution File, Format Version 12.00
# Visual Studio Version 17
VisualStudioVersion = 17.5.2.0
MinimumVisualStudioVersion = 10.0.40219.1
Project("{2150E333-8FDC-42A3-9474-1A3956D46DE8}") = "Fuyutsui_C#", "Fuyutsui_C#", "{52DB3B83-EFF8-EB66-7BA5-35CC29E018CD}"
EndProject
Project("{FAE04EC0-301F-11D3-BF4B-00C04F79EFBC}") = "FuyutsuiCSharp", "Fuyutsui_C#\FuyutsuiCSharp.csproj", "{20372324-C3B3-321E-99A0-1C2CD65B3DA1}"
EndProject
Global
	GlobalSection(SolutionConfigurationPlatforms) = preSolution
		Debug|Any CPU = Debug|Any CPU
		Release|Any CPU = Release|Any CPU
	EndGlobalSection
	GlobalSection(ProjectConfigurationPlatforms) = postSolution
		{20372324-C3B3-321E-99A0-1C2CD65B3DA1}.Debug|Any CPU.ActiveCfg = Debug|Any CPU
		{20372324-C3B3-321E-99A0-1C2CD65B3DA1}.Debug|Any CPU.Build.0 = Debug|Any CPU
		{20372324-C3B3-321E-99A0-1C2CD65B3DA1}.Release|Any CPU.ActiveCfg = Release|Any CPU
		{20372324-C3B3-321E-99A0-1C2CD65B3DA1}.Release|Any CPU.Build.0 = Release|Any CPU
	EndGlobalSection
	GlobalSection(SolutionProperties) = preSolution
		HideSolutionNode = FALSE
	EndGlobalSection
	GlobalSection(NestedProjects) = preSolution
		{20372324-C3B3-321E-99A0-1C2CD65B3DA1} = {52DB3B83-EFF8-EB66-7BA5-35CC29E018CD}
	EndGlobalSection
	GlobalSection(ExtensibilityGlobals) = postSolution
		SolutionGuid = {FEEDE3BB-F50D-471C-A651-9BCD2484BE8A}
	EndGlobalSection
EndGlobal
